// !$*UTF8*$!
{
	archiveVersion = 1;
	classes = {
	};
	objectVersion = 46;
	objects = {

/* Begin PBXBuildFile section */
		BC57C9931E5E4F9D00CE1A4E /* libtraildb.0.dylib in Frameworks */ = {isa = PBXBuildFile; fileRef = BC713C4B1E59E94800C0268C /* libtraildb.0.dylib */; };
		BC57C9A21E5E50C000CE1A4E /* hashtable.c in Sources */ = {isa = PBXBuildFile; fileRef = BC57C99B1E5E50C000CE1A4E /* hashtable.c */; };
		BC57C9A31E5E50C000CE1A4E /* linklist.c in Sources */ = {isa = PBXBuildFile; fileRef = BC57C99D1E5E50C000CE1A4E /* linklist.c */; };
		BC57C9A41E5E50C000CE1A4E /* main.c in Sources */ = {isa = PBXBuildFile; fileRef = BC57C99F1E5E50C000CE1A4E /* main.c */; };
		BC57C9A51E5E50C000CE1A4E /* traildb_coo.c in Sources */ = {isa = PBXBuildFile; fileRef = BC57C9A01E5E50C000CE1A4E /* traildb_coo.c */; };
/* End PBXBuildFile section */

/* Begin PBXCopyFilesBuildPhase section */
		BC713C3E1E59E67700C0268C /* CopyFiles */ = {
			isa = PBXCopyFilesBuildPhase;
			buildActionMask = 2147483647;
			dstPath = /usr/share/man/man1/;
			dstSubfolderSpec = 0;
			files = (
			);
			runOnlyForDeploymentPostprocessing = 1;
		};
/* End PBXCopyFilesBuildPhase section */

/* Begin PBXFileReference section */
		BC57C9991E5E50C000CE1A4E /* atomic_defs.h */ = {isa = PBXFileReference; fileEncoding = 4; lastKnownFileType = sourcecode.c.h; name = atomic_defs.h; path = traildb_to_sparse/sparsity/src/atomic_defs.h; sourceTree = "<group>"; };
		BC57C99A1E5E50C000CE1A4E /* bsd_queue.h */ = {isa = PBXFileReference; fileEncoding = 4; lastKnownFileType = sourcecode.c.h; name = bsd_queue.h; path = traildb_to_sparse/sparsity/src/bsd_queue.h; sourceTree = "<group>"; };
		BC57C99B1E5E50C000CE1A4E /* hashtable.c */ = {isa = PBXFileReference; fileEncoding = 4; lastKnownFileType = sourcecode.c.c; name = hashtable.c; path = traildb_to_sparse/sparsity/src/hashtable.c; sourceTree = "<group>"; };
		BC57C99C1E5E50C000CE1A4E /* hashtable.h */ = {isa = PBXFileReference; fileEncoding = 4; lastKnownFileType = sourcecode.c.h; name = hashtable.h; path = traildb_to_sparse/sparsity/src/hashtable.h; sourceTree = "<group>"; };
		BC57C99D1E5E50C000CE1A4E /* linklist.c */ = {isa = PBXFileReference; fileEncoding = 4; lastKnownFileType = sourcecode.c.c; name = linklist.c; path = traildb_to_sparse/sparsity/src/linklist.c; sourceTree = "<group>"; };
		BC57C99E1E5E50C000CE1A4E /* linklist.h */ = {isa = PBXFileReference; fileEncoding = 4; lastKnownFileType = sourcecode.c.h; name = linklist.h; path = traildb_to_sparse/sparsity/src/linklist.h; sourceTree = "<group>"; };
		BC57C99F1E5E50C000CE1A4E /* main.c */ = {isa = PBXFileReference; fileEncoding = 4; lastKnownFileType = sourcecode.c.c; name = main.c; path = traildb_to_sparse/sparsity/src/main.c; sourceTree = "<group>"; };
		BC57C9A01E5E50C000CE1A4E /* traildb_coo.c */ = {isa = PBXFileReference; fileEncoding = 4; lastKnownFileType = sourcecode.c.c; name = traildb_coo.c; path = traildb_to_sparse/sparsity/src/traildb_coo.c; sourceTree = "<group>"; };
		BC57C9A11E5E50C000CE1A4E /* traildb_coo.h */ = {isa = PBXFileReference; fileEncoding = 4; lastKnownFileType = sourcecode.c.h; name = traildb_coo.h; path = traildb_to_sparse/sparsity/src/traildb_coo.h; sourceTree = "<group>"; };
		BC713C401E59E67700C0268C /* traildb_to_sparse */ = {isa = PBXFileReference; explicitFileType = "compiled.mach-o.executable"; includeInIndex = 0; path = traildb_to_sparse; sourceTree = BUILT_PRODUCTS_DIR; };
		BC713C4B1E59E94800C0268C /* libtraildb.0.dylib */ = {isa = PBXFileReference; lastKnownFileType = "compiled.mach-o.dylib"; name = libtraildb.0.dylib; path = ../../../../../usr/local/Cellar/traildb/0.5/lib/libtraildb.0.dylib; sourceTree = "<group>"; };
		BC713C571E5A2D3E00C0268C /* libtraildb.a */ = {isa = PBXFileReference; lastKnownFileType = archive.ar; name = libtraildb.a; path = ../../../../../usr/local/Cellar/traildb/0.5/lib/libtraildb.a; sourceTree = "<group>"; };
/* End PBXFileReference section */

/* Begin PBXFrameworksBuildPhase section */
		BC713C3D1E59E67700C0268C /* Frameworks */ = {
			isa = PBXFrameworksBuildPhase;
			buildActionMask = 2147483647;
			files = (
				BC57C9931E5E4F9D00CE1A4E /* libtraildb.0.dylib in Frameworks */,
			);
			runOnlyForDeploymentPostprocessing = 0;
		};
/* End PBXFrameworksBuildPhase section */

/* Begin PBXGroup section */
		BC713C371E59E67700C0268C = {
			isa = PBXGroup;
			children = (
				BC57C9991E5E50C000CE1A4E /* atomic_defs.h */,
				BC57C99A1E5E50C000CE1A4E /* bsd_queue.h */,
				BC57C99B1E5E50C000CE1A4E /* hashtable.c */,
				BC57C99C1E5E50C000CE1A4E /* hashtable.h */,
				BC57C99D1E5E50C000CE1A4E /* linklist.c */,
				BC57C99E1E5E50C000CE1A4E /* linklist.h */,
				BC57C99F1E5E50C000CE1A4E /* main.c */,
				BC57C9A01E5E50C000CE1A4E /* traildb_coo.c */,
				BC57C9A11E5E50C000CE1A4E /* traildb_coo.h */,
				BC713C411E59E67700C0268C /* Products */,
				BC713C4A1E59E94800C0268C /* Frameworks */,
			);
			sourceTree = "<group>";
		};
		BC713C411E59E67700C0268C /* Products */ = {
			isa = PBXGroup;
			children = (
				BC713C401E59E67700C0268C /* traildb_to_sparse */,
			);
			name = Products;
			sourceTree = "<group>";
		};
		BC713C4A1E59E94800C0268C /* Frameworks */ = {
			isa = PBXGroup;
			children = (
				BC713C571E5A2D3E00C0268C /* libtraildb.a */,
				BC713C4B1E59E94800C0268C /* libtraildb.0.dylib */,
			);
			name = Frameworks;
			sourceTree = "<group>";
		};
/* End PBXGroup section */

/* Begin PBXNativeTarget section */
		BC713C3F1E59E67700C0268C /* traildb_to_sparse */ = {
			isa = PBXNativeTarget;
			buildConfigurationList = BC713C471E59E67700C0268C /* Build configuration list for PBXNativeTarget "traildb_to_sparse" */;
			buildPhases = (
				BC713C3C1E59E67700C0268C /* Sources */,
				BC713C3D1E59E67700C0268C /* Frameworks */,
				BC713C3E1E59E67700C0268C /* CopyFiles */,
			);
			buildRules = (
			);
			dependencies = (
			);
			name = traildb_to_sparse;
			productName = traildb_to_sparse;
			productReference = BC713C401E59E67700C0268C /* traildb_to_sparse */;
			productType = "com.apple.product-type.tool";
		};
/* End PBXNativeTarget section */

/* Begin PBXProject section */
		BC713C381E59E67700C0268C /* Project object */ = {
			isa = PBXProject;
			attributes = {
				LastUpgradeCheck = 0820;
				ORGANIZATIONNAME = "Alan Höng";
				TargetAttributes = {
					BC713C3F1E59E67700C0268C = {
						CreatedOnToolsVersion = 8.2.1;
						ProvisioningStyle = Automatic;
					};
				};
			};
			buildConfigurationList = BC713C3B1E59E67700C0268C /* Build configuration list for PBXProject "traildb_to_sparse" */;
			compatibilityVersion = "Xcode 3.2";
			developmentRegion = English;
			hasScannedForEncodings = 0;
			knownRegions = (
				en,
			);
			mainGroup = BC713C371E59E67700C0268C;
			productRefGroup = BC713C411E59E67700C0268C /* Products */;
			projectDirPath = "";
			projectRoot = "";
			targets = (
				BC713C3F1E59E67700C0268C /* traildb_to_sparse */,
			);
		};
/* End PBXProject section */

/* Begin PBXSourcesBuildPhase section */
		BC713C3C1E59E67700C0268C /* Sources */ = {
			isa = PBXSourcesBuildPhase;
			buildActionMask = 2147483647;
			files = (
				BC57C9A51E5E50C000CE1A4E /* traildb_coo.c in Sources */,
				BC57C9A21E5E50C000CE1A4E /* hashtable.c in Sources */,
				BC57C9A31E5E50C000CE1A4E /* linklist.c in Sources */,
				BC57C9A41E5E50C000CE1A4E /* main.c in Sources */,
			);
			runOnlyForDeploymentPostprocessing = 0;
		};
/* End PBXSourcesBuildPhase section */

/* Begin XCBuildConfiguration section */
		BC713C451E59E67700C0268C /* Debug */ = {
			isa = XCBuildConfiguration;
			buildSettings = {
				ALWAYS_SEARCH_USER_PATHS = NO;
				CLANG_ANALYZER_NONNULL = YES;
				CLANG_CXX_LANGUAGE_STANDARD = "gnu++0x";
				CLANG_CXX_LIBRARY = "libc++";
				CLANG_ENABLE_MODULES = YES;
				CLANG_ENABLE_OBJC_ARC = YES;
				CLANG_WARN_BOOL_CONVERSION = YES;
				CLANG_WARN_CONSTANT_CONVERSION = YES;
				CLANG_WARN_DIRECT_OBJC_ISA_USAGE = YES_ERROR;
				CLANG_WARN_DOCUMENTATION_COMMENTS = YES;
				CLANG_WARN_EMPTY_BODY = YES;
				CLANG_WARN_ENUM_CONVERSION = YES;
				CLANG_WARN_INFINITE_RECURSION = YES;
				CLANG_WARN_INT_CONVERSION = YES;
				CLANG_WARN_OBJC_ROOT_CLASS = YES_ERROR;
				CLANG_WARN_SUSPICIOUS_MOVE = YES;
				CLANG_WARN_UNREACHABLE_CODE = YES;
				CLANG_WARN__DUPLICATE_METHOD_MATCH = YES;
				CODE_SIGN_IDENTITY = "-";
				COPY_PHASE_STRIP = NO;
				DEBUG_INFORMATION_FORMAT = dwarf;
				ENABLE_STRICT_OBJC_MSGSEND = YES;
				ENABLE_TESTABILITY = YES;
				GCC_C_LANGUAGE_STANDARD = gnu99;
				GCC_DYNAMIC_NO_PIC = NO;
				GCC_NO_COMMON_BLOCKS = YES;
				GCC_OPTIMIZATION_LEVEL = 0;
				GCC_PREPROCESSOR_DEFINITIONS = (
					"DEBUG=1",
					"$(inherited)",
				);
				GCC_WARN_64_TO_32_BIT_CONVERSION = YES;
				GCC_WARN_ABOUT_RETURN_TYPE = YES_ERROR;
				GCC_WARN_UNDECLARED_SELECTOR = YES;
				GCC_WARN_UNINITIALIZED_AUTOS = YES_AGGRESSIVE;
				GCC_WARN_UNUSED_FUNCTION = YES;
				GCC_WARN_UNUSED_VARIABLE = YES;
				HEADER_SEARCH_PATHS = /usr/local/include;
				MACOSX_DEPLOYMENT_TARGET = 10.12;
				MTL_ENABLE_DEBUG_INFO = YES;
				ONLY_ACTIVE_ARCH = YES;
				SDKROOT = macosx;
			};
			name = Debug;
		};
		BC713C461E59E67700C0268C /* Release */ = {
			isa = XCBuildConfiguration;
			buildSettings = {
				ALWAYS_SEARCH_USER_PATHS = NO;
				CLANG_ANALYZER_NONNULL = YES;
				CLANG_CXX_LANGUAGE_STANDARD = "gnu++0x";
				CLANG_CXX_LIBRARY = "libc++";
				CLANG_ENABLE_MODULES = YES;
				CLANG_ENABLE_OBJC_ARC = YES;
				CLANG_WARN_BOOL_CONVERSION = YES;
				CLANG_WARN_CONSTANT_CONVERSION = YES;
				CLANG_WARN_DIRECT_OBJC_ISA_USAGE = YES_ERROR;
				CLANG_WARN_DOCUMENTATION_COMMENTS = YES;
				CLANG_WARN_EMPTY_BODY = YES;
				CLANG_WARN_ENUM_CONVERSION = YES;
				CLANG_WARN_INFINITE_RECURSION = YES;
				CLANG_WARN_INT_CONVERSION = YES;
				CLANG_WARN_OBJC_ROOT_CLASS = YES_ERROR;
				CLANG_WARN_SUSPICIOUS_MOVE = YES;
				CLANG_WARN_UNREACHABLE_CODE = YES;
				CLANG_WARN__DUPLICATE_METHOD_MATCH = YES;
				CODE_SIGN_IDENTITY = "-";
				COPY_PHASE_STRIP = NO;
				DEBUG_INFORMATION_FORMAT = "dwarf-with-dsym";
				ENABLE_NS_ASSERTIONS = NO;
				ENABLE_STRICT_OBJC_MSGSEND = YES;
				GCC_C_LANGUAGE_STANDARD = gnu99;
				GCC_NO_COMMON_BLOCKS = YES;
				GCC_WARN_64_TO_32_BIT_CONVERSION = YES;
				GCC_WARN_ABOUT_RETURN_TYPE = YES_ERROR;
				GCC_WARN_UNDECLARED_SELECTOR = YES;
				GCC_WARN_UNINITIALIZED_AUTOS = YES_AGGRESSIVE;
				GCC_WARN_UNUSED_FUNCTION = YES;
				GCC_WARN_UNUSED_VARIABLE = YES;
				HEADER_SEARCH_PATHS = /usr/local/include;
				MACOSX_DEPLOYMENT_TARGET = 10.12;
				MTL_ENABLE_DEBUG_INFO = NO;
				SDKROOT = macosx;
			};
			name = Release;
		};
		BC713C481E59E67700C0268C /* Debug */ = {
			isa = XCBuildConfiguration;
			buildSettings = {
				LIBRARY_SEARCH_PATHS = (
					"$(inherited)",
					/usr/local/Cellar/traildb/0.5/lib,
				);
				PRODUCT_NAME = "$(TARGET_NAME)";
			};
			name = Debug;
		};
		BC713C491E59E67700C0268C /* Release */ = {
			isa = XCBuildConfiguration;
			buildSettings = {
				LIBRARY_SEARCH_PATHS = (
					"$(inherited)",
					/usr/local/Cellar/traildb/0.5/lib,
				);
				PRODUCT_NAME = "$(TARGET_NAME)";
			};
			name = Release;
		};
/* End XCBuildConfiguration section */

/* Begin XCConfigurationList section */
		BC713C3B1E59E67700C0268C /* Build configuration list for PBXProject "traildb_to_sparse" */ = {
			isa = XCConfigurationList;
			buildConfigurations = (
				BC713C451E59E67700C0268C /* Debug */,
				BC713C461E59E67700C0268C /* Release */,
			);
			defaultConfigurationIsVisible = 0;
			defaultConfigurationName = Release;
		};
		BC713C471E59E67700C0268C /* Build configuration list for PBXNativeTarget "traildb_to_sparse" */ = {
			isa = XCConfigurationList;
			buildConfigurations = (
				BC713C481E59E67700C0268C /* Debug */,
				BC713C491E59E67700C0268C /* Release */,
			);
			defaultConfigurationIsVisible = 0;
			defaultConfigurationName = Release;
		};
/* End XCConfigurationList section */
	};
	rootObject = BC713C381E59E67700C0268C /* Project object */;
}
